
Microsoft Visual Studio Solution File, Format Version 12.00
# Visual Studio Version 17
VisualStudioVersion = 17.2.32516.85
MinimumVisualStudioVersion = 10.0.40219.1
Project("{FAE04EC0-301F-11D3-BF4B-00C04F79EFBC}") = "kurs", "kurs\kurs.csproj", "{9536F514-5C41-4C9B-AE26-9F41B04239B5}"
EndProject
Global
	GlobalSection(SolutionConfigurationPlatforms) = preSolution
		Debug|Any CPU = Debug|Any CPU
		Release|Any CPU = Release|Any CPU
	EndGlobalSection
	GlobalSection(ProjectConfigurationPlatforms) = postSolution
		{9536F514-5C41-4C9B-AE26-9F41B04239B5}.Debug|Any CPU.ActiveCfg = Debug|Any CPU
		{9536F514-5C41-4C9B-AE26-9F41B04239B5}.Debug|Any CPU.Build.0 = Debug|Any CPU
		{9536F514-5C41-4C9B-AE26-9F41B04239B5}.Release|Any CPU.ActiveCfg = Release|Any CPU
		{9536F514-5C41-4C9B-AE26-9F41B04239B5}.Release|Any CPU.Build.0 = Release|Any CPU
	EndGlobalSection
	GlobalSection(SolutionProperties) = preSolution
		HideSolutionNode = FALSE
	EndGlobalSection
	GlobalSection(ExtensibilityGlobals) = postSolution
		SolutionGuid = {56862712-F42B-4F1F-B05E-C9251A03B10F}
	EndGlobalSection
EndGlobal
